{
  "name": "floating-object-demo",
  "lockfileVersion": 2,
  "requires": true,
  "packages": {
    "": {
      "dependencies": {
        "floating-object": "^1.0.4"
      }
    },
    "node_modules/floating-object": {
      "version": "1.0.4",
      "resolved": "https://registry.npmjs.org/floating-object/-/floating-object-1.0.4.tgz",
      "integrity": "sha512-KYxkTX5GpkF6/9esUCzDynICyRO5v6ly117XwNlJ9SXtOchmH+8ZuKM8xN8I0VGMpofq92MIehw253KnUx8tZQ=="
    }
  },
  "dependencies": {
    "floating-object": {
      "version": "1.0.4",
      "resolved": "https://registry.npmjs.org/floating-object/-/floating-object-1.0.4.tgz",
      "integrity": "sha512-KYxkTX5GpkF6/9esUCzDynICyRO5v6ly117XwNlJ9SXtOchmH+8ZuKM8xN8I0VGMpofq92MIehw253KnUx8tZQ=="
    }
  }
}
